// !$*UTF8*$!
{
	archiveVersion = 1;
	classes = {
	};
	objectVersion = 51;
	objects = {

/* Begin PBXBuildFile section */
		D7FCEAE93543CF8FB06CF152 /* Pods_OriginalApp.framework in Frameworks */ = {isa = PBXBuildFile; fileRef = 84A3FF2825655D6F981D40E3 /* Pods_OriginalApp.framework */; };
		F20ECC34254402E800B64E48 /* tagCollectionViewCell.swift in Sources */ = {isa = PBXBuildFile; fileRef = F20ECC32254402E800B64E48 /* tagCollectionViewCell.swift */; };
		F20ECC35254402E800B64E48 /* tagCollectionViewCell.xib in Resources */ = {isa = PBXBuildFile; fileRef = F20ECC33254402E800B64E48 /* tagCollectionViewCell.xib */; };
		F20ECC37254427A900B64E48 /* AddTagViewController.swift in Sources */ = {isa = PBXBuildFile; fileRef = F20ECC36254427A900B64E48 /* AddTagViewController.swift */; };
		F20ECC3A2544326200B64E48 /* AddTagCollectionViewCell.swift in Sources */ = {isa = PBXBuildFile; fileRef = F20ECC382544326200B64E48 /* AddTagCollectionViewCell.swift */; };
		F20ECC3B2544326200B64E48 /* AddTagCollectionViewCell.xib in Resources */ = {isa = PBXBuildFile; fileRef = F20ECC392544326200B64E48 /* AddTagCollectionViewCell.xib */; };
		F20ECC3D2545C96200B64E48 /* DetailViewController.swift in Sources */ = {isa = PBXBuildFile; fileRef = F20ECC3C2545C96200B64E48 /* DetailViewController.swift */; };
		F20ECC422547FC5C00B64E48 /* ShowTagCollectionViewCell.swift in Sources */ = {isa = PBXBuildFile; fileRef = F20ECC402547FC5C00B64E48 /* ShowTagCollectionViewCell.swift */; };
		F20ECC432547FC5C00B64E48 /* ShowTagCollectionViewCell.xib in Resources */ = {isa = PBXBuildFile; fileRef = F20ECC412547FC5C00B64E48 /* ShowTagCollectionViewCell.xib */; };
		F211798A25366D0E00A1953A /* SignIn.storyboard in Resources */ = {isa = PBXBuildFile; fileRef = F211798925366D0E00A1953A /* SignIn.storyboard */; };
		F211798C25366DCE00A1953A /* SigninViewController.swift in Sources */ = {isa = PBXBuildFile; fileRef = F211798B25366DCE00A1953A /* SigninViewController.swift */; };
		F211798E25366DF400A1953A /* SignUpViewController.swift in Sources */ = {isa = PBXBuildFile; fileRef = F211798D25366DF400A1953A /* SignUpViewController.swift */; };
		F21179902538588500A1953A /* PostViewController.swift in Sources */ = {isa = PBXBuildFile; fileRef = F211798F2538588500A1953A /* PostViewController.swift */; };
		F211799325386E2800A1953A /* TimeLineTableViewCell.swift in Sources */ = {isa = PBXBuildFile; fileRef = F211799125386E2800A1953A /* TimeLineTableViewCell.swift */; };
		F211799425386E2800A1953A /* TimeLineTableViewCell.xib in Resources */ = {isa = PBXBuildFile; fileRef = F211799225386E2800A1953A /* TimeLineTableViewCell.xib */; };
		F21179962538745200A1953A /* Post.swift in Sources */ = {isa = PBXBuildFile; fileRef = F21179952538745200A1953A /* Post.swift */; };
		F21179982538748B00A1953A /* User.swift in Sources */ = {isa = PBXBuildFile; fileRef = F21179972538748B00A1953A /* User.swift */; };
		F211799A253874CD00A1953A /* Comment.swift in Sources */ = {isa = PBXBuildFile; fileRef = F2117999253874CD00A1953A /* Comment.swift */; };
		F2181302257353E500A109EA /* ViewController.swift in Sources */ = {isa = PBXBuildFile; fileRef = F2181301257353E400A109EA /* ViewController.swift */; };
		F218130625735EA700A109EA /* NavigtionViewController.swift in Sources */ = {isa = PBXBuildFile; fileRef = F218130525735EA700A109EA /* NavigtionViewController.swift */; };
		F21BAE862570CE9400BE0B4E /* UIColorExtension(+alpha).swift in Sources */ = {isa = PBXBuildFile; fileRef = F21BAE852570CE9400BE0B4E /* UIColorExtension(+alpha).swift */; };
		F2265F6E255D5580005306EE /* SearchViewController.swift in Sources */ = {isa = PBXBuildFile; fileRef = F2265F6D255D5580005306EE /* SearchViewController.swift */; };
		F2265F71255F89C9005306EE /* SearchViewTimeLineTableViewCell.swift in Sources */ = {isa = PBXBuildFile; fileRef = F2265F6F255F89C9005306EE /* SearchViewTimeLineTableViewCell.swift */; };
		F2265F72255F89C9005306EE /* SearchViewTimeLineTableViewCell.xib in Resources */ = {isa = PBXBuildFile; fileRef = F2265F70255F89C9005306EE /* SearchViewTimeLineTableViewCell.xib */; };
		F24DA5E12576402B007BB6C9 /* sendPassWordViewController.swift in Sources */ = {isa = PBXBuildFile; fileRef = F24DA5E02576402B007BB6C9 /* sendPassWordViewController.swift */; };
		F25335642563F01200ACD9E2 /* CalenderViewController.swift in Sources */ = {isa = PBXBuildFile; fileRef = F25335632563F01200ACD9E2 /* CalenderViewController.swift */; };
		F2636E49252C85AE009B85E6 /* AppDelegate.swift in Sources */ = {isa = PBXBuildFile; fileRef = F2636E48252C85AE009B85E6 /* AppDelegate.swift */; };
		F2636E4B252C85AE009B85E6 /* SceneDelegate.swift in Sources */ = {isa = PBXBuildFile; fileRef = F2636E4A252C85AE009B85E6 /* SceneDelegate.swift */; };
		F2636E50252C85AE009B85E6 /* Main.storyboard in Resources */ = {isa = PBXBuildFile; fileRef = F2636E4E252C85AE009B85E6 /* Main.storyboard */; };
		F2636E52252C85B1009B85E6 /* Assets.xcassets in Resources */ = {isa = PBXBuildFile; fileRef = F2636E51252C85B1009B85E6 /* Assets.xcassets */; };
		F2636E55252C85B1009B85E6 /* LaunchScreen.storyboard in Resources */ = {isa = PBXBuildFile; fileRef = F2636E53252C85B1009B85E6 /* LaunchScreen.storyboard */; };
		F266E610256F63D200FB383F /* UIColorExtension.swift in Sources */ = {isa = PBXBuildFile; fileRef = F266E60F256F63D200FB383F /* UIColorExtension.swift */; };
		F28FFBC92563944D003207C5 /* UserpageViewController.swift in Sources */ = {isa = PBXBuildFile; fileRef = F28FFBC82563944C003207C5 /* UserpageViewController.swift */; };
		F2C6E0B0254C1D6C000B5018 /* CharactorsViewController.swift in Sources */ = {isa = PBXBuildFile; fileRef = F2C6E0AF254C1D6C000B5018 /* CharactorsViewController.swift */; };
		F2C6E0B3254C1D80000B5018 /* TagListTableViewCell.swift in Sources */ = {isa = PBXBuildFile; fileRef = F2C6E0B1254C1D80000B5018 /* TagListTableViewCell.swift */; };
		F2C6E0B4254C1D80000B5018 /* TagListTableViewCell.xib in Resources */ = {isa = PBXBuildFile; fileRef = F2C6E0B2254C1D80000B5018 /* TagListTableViewCell.xib */; };
		F2C6E0FE254E84F7000B5018 /* CommunitiesViewController.swift in Sources */ = {isa = PBXBuildFile; fileRef = F2C6E0FD254E84F7000B5018 /* CommunitiesViewController.swift */; };
		F2D124CD255BB4CB007F26E7 /* AddTag_TableViewController.swift in Sources */ = {isa = PBXBuildFile; fileRef = F2D124CC255BB4CB007F26E7 /* AddTag_TableViewController.swift */; };
		F2F064002564F876008776E0 /* tabbar-icon-post@2x.png in Resources */ = {isa = PBXBuildFile; fileRef = F2F063FF2564F876008776E0 /* tabbar-icon-post@2x.png */; };
		F2F064042564F899008776E0 /* tabbar-icon-home@2x.png in Resources */ = {isa = PBXBuildFile; fileRef = F2F064012564F898008776E0 /* tabbar-icon-home@2x.png */; };
		F2F064052564F899008776E0 /* tabbar-icon-purehome@2x.png in Resources */ = {isa = PBXBuildFile; fileRef = F2F064022564F898008776E0 /* tabbar-icon-purehome@2x.png */; };
		F2F064062564F899008776E0 /* tabbar-icon-calender@2x.png in Resources */ = {isa = PBXBuildFile; fileRef = F2F064032564F899008776E0 /* tabbar-icon-calender@2x.png */; };
		F2FE295025766712001A675A /* ios in Resources */ = {isa = PBXBuildFile; fileRef = F2FE294F25766712001A675A /* ios */; };
/* End PBXBuildFile section */

/* Begin PBXFileReference section */
		77B4B1A4E0C94C03730A975D /* Pods-OriginalApp.release.xcconfig */ = {isa = PBXFileReference; includeInIndex = 1; lastKnownFileType = text.xcconfig; name = "Pods-OriginalApp.release.xcconfig"; path = "Target Support Files/Pods-OriginalApp/Pods-OriginalApp.release.xcconfig"; sourceTree = "<group>"; };
		84A3FF2825655D6F981D40E3 /* Pods_OriginalApp.framework */ = {isa = PBXFileReference; explicitFileType = wrapper.framework; includeInIndex = 0; path = Pods_OriginalApp.framework; sourceTree = BUILT_PRODUCTS_DIR; };
		F20ECC32254402E800B64E48 /* tagCollectionViewCell.swift */ = {isa = PBXFileReference; lastKnownFileType = sourcecode.swift; path = tagCollectionViewCell.swift; sourceTree = "<group>"; };
		F20ECC33254402E800B64E48 /* tagCollectionViewCell.xib */ = {isa = PBXFileReference; lastKnownFileType = file.xib; path = tagCollectionViewCell.xib; sourceTree = "<group>"; };
		F20ECC36254427A900B64E48 /* AddTagViewController.swift */ = {isa = PBXFileReference; lastKnownFileType = sourcecode.swift; path = AddTagViewController.swift; sourceTree = "<group>"; };
		F20ECC382544326200B64E48 /* AddTagCollectionViewCell.swift */ = {isa = PBXFileReference; lastKnownFileType = sourcecode.swift; path = AddTagCollectionViewCell.swift; sourceTree = "<group>"; };
		F20ECC392544326200B64E48 /* AddTagCollectionViewCell.xib */ = {isa = PBXFileReference; lastKnownFileType = file.xib; path = AddTagCollectionViewCell.xib; sourceTree = "<group>"; };
		F20ECC3C2545C96200B64E48 /* DetailViewController.swift */ = {isa = PBXFileReference; lastKnownFileType = sourcecode.swift; path = DetailViewController.swift; sourceTree = "<group>"; };
		F20ECC402547FC5C00B64E48 /* ShowTagCollectionViewCell.swift */ = {isa = PBXFileReference; lastKnownFileType = sourcecode.swift; path = ShowTagCollectionViewCell.swift; sourceTree = "<group>"; };
		F20ECC412547FC5C00B64E48 /* ShowTagCollectionViewCell.xib */ = {isa = PBXFileReference; lastKnownFileType = file.xib; path = ShowTagCollectionViewCell.xib; sourceTree = "<group>"; };
		F211798925366D0E00A1953A /* SignIn.storyboard */ = {isa = PBXFileReference; lastKnownFileType = file.storyboard; path = SignIn.storyboard; sourceTree = "<group>"; };
		F211798B25366DCE00A1953A /* SigninViewController.swift */ = {isa = PBXFileReference; lastKnownFileType = sourcecode.swift; path = SigninViewController.swift; sourceTree = "<group>"; };
		F211798D25366DF400A1953A /* SignUpViewController.swift */ = {isa = PBXFileReference; lastKnownFileType = sourcecode.swift; path = SignUpViewController.swift; sourceTree = "<group>"; };
		F211798F2538588500A1953A /* PostViewController.swift */ = {isa = PBXFileReference; lastKnownFileType = sourcecode.swift; path = PostViewController.swift; sourceTree = "<group>"; };
		F211799125386E2800A1953A /* TimeLineTableViewCell.swift */ = {isa = PBXFileReference; lastKnownFileType = sourcecode.swift; path = TimeLineTableViewCell.swift; sourceTree = "<group>"; };
		F211799225386E2800A1953A /* TimeLineTableViewCell.xib */ = {isa = PBXFileReference; lastKnownFileType = file.xib; path = TimeLineTableViewCell.xib; sourceTree = "<group>"; };
		F21179952538745200A1953A /* Post.swift */ = {isa = PBXFileReference; lastKnownFileType = sourcecode.swift; path = Post.swift; sourceTree = "<group>"; };
		F21179972538748B00A1953A /* User.swift */ = {isa = PBXFileReference; lastKnownFileType = sourcecode.swift; path = User.swift; sourceTree = "<group>"; };
		F2117999253874CD00A1953A /* Comment.swift */ = {isa = PBXFileReference; lastKnownFileType = sourcecode.swift; path = Comment.swift; sourceTree = "<group>"; };
		F2181301257353E400A109EA /* ViewController.swift */ = {isa = PBXFileReference; fileEncoding = 4; lastKnownFileType = sourcecode.swift; path = ViewController.swift; sourceTree = "<group>"; };
		F218130525735EA700A109EA /* NavigtionViewController.swift */ = {isa = PBXFileReference; lastKnownFileType = sourcecode.swift; path = NavigtionViewController.swift; sourceTree = "<group>"; };
		F21BAE852570CE9400BE0B4E /* UIColorExtension(+alpha).swift */ = {isa = PBXFileReference; lastKnownFileType = sourcecode.swift; path = "UIColorExtension(+alpha).swift"; sourceTree = "<group>"; };
		F2265F6D255D5580005306EE /* SearchViewController.swift */ = {isa = PBXFileReference; lastKnownFileType = sourcecode.swift; path = SearchViewController.swift; sourceTree = "<group>"; };
		F2265F6F255F89C9005306EE /* SearchViewTimeLineTableViewCell.swift */ = {isa = PBXFileReference; lastKnownFileType = sourcecode.swift; path = SearchViewTimeLineTableViewCell.swift; sourceTree = "<group>"; };
		F2265F70255F89C9005306EE /* SearchViewTimeLineTableViewCell.xib */ = {isa = PBXFileReference; lastKnownFileType = file.xib; path = SearchViewTimeLineTableViewCell.xib; sourceTree = "<group>"; };
		F24DA5E02576402B007BB6C9 /* sendPassWordViewController.swift */ = {isa = PBXFileReference; lastKnownFileType = sourcecode.swift; path = sendPassWordViewController.swift; sourceTree = "<group>"; };
		F25335632563F01200ACD9E2 /* CalenderViewController.swift */ = {isa = PBXFileReference; lastKnownFileType = sourcecode.swift; path = CalenderViewController.swift; sourceTree = "<group>"; };
		F2636E45252C85AE009B85E6 /* OriginalApp.app */ = {isa = PBXFileReference; explicitFileType = wrapper.application; includeInIndex = 0; path = OriginalApp.app; sourceTree = BUILT_PRODUCTS_DIR; };
		F2636E48252C85AE009B85E6 /* AppDelegate.swift */ = {isa = PBXFileReference; lastKnownFileType = sourcecode.swift; path = AppDelegate.swift; sourceTree = "<group>"; };
		F2636E4A252C85AE009B85E6 /* SceneDelegate.swift */ = {isa = PBXFileReference; lastKnownFileType = sourcecode.swift; path = SceneDelegate.swift; sourceTree = "<group>"; };
		F2636E4F252C85AE009B85E6 /* Base */ = {isa = PBXFileReference; lastKnownFileType = file.storyboard; name = Base; path = Base.lproj/Main.storyboard; sourceTree = "<group>"; };
		F2636E51252C85B1009B85E6 /* Assets.xcassets */ = {isa = PBXFileReference; lastKnownFileType = folder.assetcatalog; path = Assets.xcassets; sourceTree = "<group>"; };
		F2636E54252C85B1009B85E6 /* Base */ = {isa = PBXFileReference; lastKnownFileType = file.storyboard; name = Base; path = Base.lproj/LaunchScreen.storyboard; sourceTree = "<group>"; };
		F2636E56252C85B1009B85E6 /* Info.plist */ = {isa = PBXFileReference; lastKnownFileType = text.plist.xml; path = Info.plist; sourceTree = "<group>"; };
		F266E60F256F63D200FB383F /* UIColorExtension.swift */ = {isa = PBXFileReference; fileEncoding = 4; lastKnownFileType = sourcecode.swift; path = UIColorExtension.swift; sourceTree = "<group>"; };
		F28FFBC82563944C003207C5 /* UserpageViewController.swift */ = {isa = PBXFileReference; lastKnownFileType = sourcecode.swift; path = UserpageViewController.swift; sourceTree = "<group>"; };
		F2C6E0AF254C1D6C000B5018 /* CharactorsViewController.swift */ = {isa = PBXFileReference; lastKnownFileType = sourcecode.swift; path = CharactorsViewController.swift; sourceTree = "<group>"; };
		F2C6E0B1254C1D80000B5018 /* TagListTableViewCell.swift */ = {isa = PBXFileReference; lastKnownFileType = sourcecode.swift; path = TagListTableViewCell.swift; sourceTree = "<group>"; };
		F2C6E0B2254C1D80000B5018 /* TagListTableViewCell.xib */ = {isa = PBXFileReference; lastKnownFileType = file.xib; path = TagListTableViewCell.xib; sourceTree = "<group>"; };
		F2C6E0FD254E84F7000B5018 /* CommunitiesViewController.swift */ = {isa = PBXFileReference; lastKnownFileType = sourcecode.swift; path = CommunitiesViewController.swift; sourceTree = "<group>"; };
		F2D124CC255BB4CB007F26E7 /* AddTag_TableViewController.swift */ = {isa = PBXFileReference; lastKnownFileType = sourcecode.swift; path = AddTag_TableViewController.swift; sourceTree = "<group>"; };
		F2F063FF2564F876008776E0 /* tabbar-icon-post@2x.png */ = {isa = PBXFileReference; lastKnownFileType = image.png; path = "tabbar-icon-post@2x.png"; sourceTree = "<group>"; };
		F2F064012564F898008776E0 /* tabbar-icon-home@2x.png */ = {isa = PBXFileReference; lastKnownFileType = image.png; path = "tabbar-icon-home@2x.png"; sourceTree = "<group>"; };
		F2F064022564F898008776E0 /* tabbar-icon-purehome@2x.png */ = {isa = PBXFileReference; lastKnownFileType = image.png; path = "tabbar-icon-purehome@2x.png"; sourceTree = "<group>"; };
		F2F064032564F899008776E0 /* tabbar-icon-calender@2x.png */ = {isa = PBXFileReference; lastKnownFileType = image.png; path = "tabbar-icon-calender@2x.png"; sourceTree = "<group>"; };
		F2FE294F25766712001A675A /* ios */ = {isa = PBXFileReference; lastKnownFileType = folder; path = ios; sourceTree = "<group>"; };
		F570C5CA7281E72376159213 /* Pods-OriginalApp.debug.xcconfig */ = {isa = PBXFileReference; includeInIndex = 1; lastKnownFileType = text.xcconfig; name = "Pods-OriginalApp.debug.xcconfig"; path = "Target Support Files/Pods-OriginalApp/Pods-OriginalApp.debug.xcconfig"; sourceTree = "<group>"; };
/* End PBXFileReference section */

/* Begin PBXFrameworksBuildPhase section */
		F2636E42252C85AE009B85E6 /* Frameworks */ = {
			isa = PBXFrameworksBuildPhase;
			buildActionMask = 2147483647;
			files = (
				D7FCEAE93543CF8FB06CF152 /* Pods_OriginalApp.framework in Frameworks */,
			);
			runOnlyForDeploymentPostprocessing = 0;
		};
/* End PBXFrameworksBuildPhase section */

/* Begin PBXGroup section */
		247D0FBFDD03E2F71867D830 /* Pods */ = {
			isa = PBXGroup;
			children = (
				F570C5CA7281E72376159213 /* Pods-OriginalApp.debug.xcconfig */,
				77B4B1A4E0C94C03730A975D /* Pods-OriginalApp.release.xcconfig */,
			);
			path = Pods;
			sourceTree = "<group>";
		};
		360C33F07DE119B3665ACE64 /* Frameworks */ = {
			isa = PBXGroup;
			children = (
				84A3FF2825655D6F981D40E3 /* Pods_OriginalApp.framework */,
			);
			name = Frameworks;
			sourceTree = "<group>";
		};
		F20ECC3E2547FB8A00B64E48 /* PostViewController */ = {
			isa = PBXGroup;
			children = (
				F20ECC402547FC5C00B64E48 /* ShowTagCollectionViewCell.swift */,
				F211798F2538588500A1953A /* PostViewController.swift */,
			);
			path = PostViewController;
			sourceTree = "<group>";
		};
		F20ECC3F2547FBA700B64E48 /* AddTag */ = {
			isa = PBXGroup;
			children = (
				F2D124CC255BB4CB007F26E7 /* AddTag_TableViewController.swift */,
				F20ECC392544326200B64E48 /* AddTagCollectionViewCell.xib */,
				F20ECC36254427A900B64E48 /* AddTagViewController.swift */,
				F20ECC382544326200B64E48 /* AddTagCollectionViewCell.swift */,
			);
			path = AddTag;
			sourceTree = "<group>";
		};
		F21813072575FE7E00A109EA /* iconImages */ = {
			isa = PBXGroup;
			children = (
				F2FE294F25766712001A675A /* ios */,
			);
			path = iconImages;
			sourceTree = "<group>";
		};
		F2265F73255F89D2005306EE /* searchView */ = {
			isa = PBXGroup;
			children = (
				F2265F70255F89C9005306EE /* SearchViewTimeLineTableViewCell.xib */,
				F2265F6F255F89C9005306EE /* SearchViewTimeLineTableViewCell.swift */,
				F2265F6D255D5580005306EE /* SearchViewController.swift */,
			);
			path = searchView;
			sourceTree = "<group>";
		};
		F25F077A25693A7E009333DE /* Calender */ = {
			isa = PBXGroup;
			children = (
			);
			path = Calender;
			sourceTree = "<group>";
		};
		F2636E3C252C85AE009B85E6 = {
			isa = PBXGroup;
			children = (
				F21813072575FE7E00A109EA /* iconImages */,
				F2636E47252C85AE009B85E6 /* OriginalApp */,
				F2636E46252C85AE009B85E6 /* Products */,
				247D0FBFDD03E2F71867D830 /* Pods */,
				360C33F07DE119B3665ACE64 /* Frameworks */,
			);
			sourceTree = "<group>";
		};
		F2636E46252C85AE009B85E6 /* Products */ = {
			isa = PBXGroup;
			children = (
				F2636E45252C85AE009B85E6 /* OriginalApp.app */,
			);
			name = Products;
			sourceTree = "<group>";
		};
		F2636E47252C85AE009B85E6 /* OriginalApp */ = {
			isa = PBXGroup;
			children = (
				F266E60E256F63AB00FB383F /* utility */,
				F2F063FE2564F842008776E0 /* tabBar-icon */,
				F2636E48252C85AE009B85E6 /* AppDelegate.swift */,
				F2C6E0A6254C112B000B5018 /* AddCharactorsViewController */,
				F20ECC3F2547FBA700B64E48 /* AddTag */,
				F20ECC3C2545C96200B64E48 /* DetailViewController.swift */,
				F20ECC3E2547FB8A00B64E48 /* PostViewController */,
				F2636E4A252C85AE009B85E6 /* SceneDelegate.swift */,
				F2F0640725650A79008776E0 /* TimeLine */,
				F2265F73255F89D2005306EE /* searchView */,
				F20ECC32254402E800B64E48 /* tagCollectionViewCell.swift */,
				F20ECC33254402E800B64E48 /* tagCollectionViewCell.xib */,
				F2C6E0FD254E84F7000B5018 /* CommunitiesViewController.swift */,
				F2636E4E252C85AE009B85E6 /* Main.storyboard */,
				F211798925366D0E00A1953A /* SignIn.storyboard */,
				F24DA5E02576402B007BB6C9 /* sendPassWordViewController.swift */,
				F218130525735EA700A109EA /* NavigtionViewController.swift */,
				F2636E51252C85B1009B85E6 /* Assets.xcassets */,
				F25335632563F01200ACD9E2 /* CalenderViewController.swift */,
				F2636E53252C85B1009B85E6 /* LaunchScreen.storyboard */,
				F2636E56252C85B1009B85E6 /* Info.plist */,
				F25F077A25693A7E009333DE /* Calender */,
				F211798B25366DCE00A1953A /* SigninViewController.swift */,
				F20ECC412547FC5C00B64E48 /* ShowTagCollectionViewCell.xib */,
				F211798D25366DF400A1953A /* SignUpViewController.swift */,
				F28FFBC82563944C003207C5 /* UserpageViewController.swift */,
				F21179952538745200A1953A /* Post.swift */,
				F21179972538748B00A1953A /* User.swift */,
				F2117999253874CD00A1953A /* Comment.swift */,
			);
			path = OriginalApp;
			sourceTree = "<group>";
		};
		F266E60E256F63AB00FB383F /* utility */ = {
			isa = PBXGroup;
			children = (
				F266E60F256F63D200FB383F /* UIColorExtension.swift */,
				F21BAE852570CE9400BE0B4E /* UIColorExtension(+alpha).swift */,
			);
			path = utility;
			sourceTree = "<group>";
		};
		F2C6E0A6254C112B000B5018 /* AddCharactorsViewController */ = {
			isa = PBXGroup;
			children = (
				F2C6E0AF254C1D6C000B5018 /* CharactorsViewController.swift */,
				F2C6E0B1254C1D80000B5018 /* TagListTableViewCell.swift */,
				F2C6E0B2254C1D80000B5018 /* TagListTableViewCell.xib */,
			);
			path = AddCharactorsViewController;
			sourceTree = "<group>";
		};
		F2F063FE2564F842008776E0 /* tabBar-icon */ = {
			isa = PBXGroup;
			children = (
				F2F064032564F899008776E0 /* tabbar-icon-calender@2x.png */,
				F2F064012564F898008776E0 /* tabbar-icon-home@2x.png */,
				F2F064022564F898008776E0 /* tabbar-icon-purehome@2x.png */,
				F2F063FF2564F876008776E0 /* tabbar-icon-post@2x.png */,
			);
			path = "tabBar-icon";
			sourceTree = "<group>";
		};
		F2F0640725650A79008776E0 /* TimeLine */ = {
			isa = PBXGroup;
			children = (
				F2181301257353E400A109EA /* ViewController.swift */,
				F211799225386E2800A1953A /* TimeLineTableViewCell.xib */,
				F211799125386E2800A1953A /* TimeLineTableViewCell.swift */,
			);
			path = TimeLine;
			sourceTree = "<group>";
		};
/* End PBXGroup section */

/* Begin PBXNativeTarget section */
		F2636E44252C85AE009B85E6 /* OriginalApp */ = {
			isa = PBXNativeTarget;
			buildConfigurationList = F2636E59252C85B1009B85E6 /* Build configuration list for PBXNativeTarget "OriginalApp" */;
			buildPhases = (
				19BE24717A1E9B877A2093A3 /* [CP] Check Pods Manifest.lock */,
				F2636E41252C85AE009B85E6 /* Sources */,
				F2636E42252C85AE009B85E6 /* Frameworks */,
				F2636E43252C85AE009B85E6 /* Resources */,
				6674FE92A40BCA3F5EE2F575 /* [CP] Embed Pods Frameworks */,
			);
			buildRules = (
			);
			dependencies = (
			);
			name = OriginalApp;
			productName = OriginalApp;
			productReference = F2636E45252C85AE009B85E6 /* OriginalApp.app */;
			productType = "com.apple.product-type.application";
		};
/* End PBXNativeTarget section */

/* Begin PBXProject section */
		F2636E3D252C85AE009B85E6 /* Project object */ = {
			isa = PBXProject;
			attributes = {
				LastSwiftUpdateCheck = 1170;
				LastUpgradeCheck = 1170;
				ORGANIZATIONNAME = net.shojiokano;
				TargetAttributes = {
					F2636E44252C85AE009B85E6 = {
						CreatedOnToolsVersion = 11.7;
					};
				};
			};
			buildConfigurationList = F2636E40252C85AE009B85E6 /* Build configuration list for PBXProject "OriginalApp" */;
			compatibilityVersion = "Xcode 9.3";
			developmentRegion = en;
			hasScannedForEncodings = 0;
			knownRegions = (
				en,
				Base,
			);
			mainGroup = F2636E3C252C85AE009B85E6;
			productRefGroup = F2636E46252C85AE009B85E6 /* Products */;
			projectDirPath = "";
			projectRoot = "";
			targets = (
				F2636E44252C85AE009B85E6 /* OriginalApp */,
			);
		};
/* End PBXProject section */

/* Begin PBXResourcesBuildPhase section */
		F2636E43252C85AE009B85E6 /* Resources */ = {
			isa = PBXResourcesBuildPhase;
			buildActionMask = 2147483647;
			files = (
				F2F064042564F899008776E0 /* tabbar-icon-home@2x.png in Resources */,
				F211798A25366D0E00A1953A /* SignIn.storyboard in Resources */,
				F2F064002564F876008776E0 /* tabbar-icon-post@2x.png in Resources */,
				F2636E55252C85B1009B85E6 /* LaunchScreen.storyboard in Resources */,
				F2265F72255F89C9005306EE /* SearchViewTimeLineTableViewCell.xib in Resources */,
				F20ECC432547FC5C00B64E48 /* ShowTagCollectionViewCell.xib in Resources */,
				F2C6E0B4254C1D80000B5018 /* TagListTableViewCell.xib in Resources */,
				F2636E52252C85B1009B85E6 /* Assets.xcassets in Resources */,
				F211799425386E2800A1953A /* TimeLineTableViewCell.xib in Resources */,
				F2FE295025766712001A675A /* ios in Resources */,
				F20ECC3B2544326200B64E48 /* AddTagCollectionViewCell.xib in Resources */,
				F2F064062564F899008776E0 /* tabbar-icon-calender@2x.png in Resources */,
				F2F064052564F899008776E0 /* tabbar-icon-purehome@2x.png in Resources */,
				F2636E50252C85AE009B85E6 /* Main.storyboard in Resources */,
				F20ECC35254402E800B64E48 /* tagCollectionViewCell.xib in Resources */,
			);
			runOnlyForDeploymentPostprocessing = 0;
		};
/* End PBXResourcesBuildPhase section */

/* Begin PBXShellScriptBuildPhase section */
		19BE24717A1E9B877A2093A3 /* [CP] Check Pods Manifest.lock */ = {
			isa = PBXShellScriptBuildPhase;
			buildActionMask = 2147483647;
			files = (
			);
			inputFileListPaths = (
			);
			inputPaths = (
				"${PODS_PODFILE_DIR_PATH}/Podfile.lock",
				"${PODS_ROOT}/Manifest.lock",
			);
			name = "[CP] Check Pods Manifest.lock";
			outputFileListPaths = (
			);
			outputPaths = (
				"$(DERIVED_FILE_DIR)/Pods-OriginalApp-checkManifestLockResult.txt",
			);
			runOnlyForDeploymentPostprocessing = 0;
			shellPath = /bin/sh;
			shellScript = "diff \"${PODS_PODFILE_DIR_PATH}/Podfile.lock\" \"${PODS_ROOT}/Manifest.lock\" > /dev/null\nif [ $? != 0 ] ; then\n    # print error to STDERR\n    echo \"error: The sandbox is not in sync with the Podfile.lock. Run 'pod install' or update your CocoaPods installation.\" >&2\n    exit 1\nfi\n# This output is used by Xcode 'outputs' to avoid re-running this script phase.\necho \"SUCCESS\" > \"${SCRIPT_OUTPUT_FILE_0}\"\n";
			showEnvVarsInLog = 0;
		};
		6674FE92A40BCA3F5EE2F575 /* [CP] Embed Pods Frameworks */ = {
			isa = PBXShellScriptBuildPhase;
			buildActionMask = 2147483647;
			files = (
			);
			inputFileListPaths = (
				"${PODS_ROOT}/Target Support Files/Pods-OriginalApp/Pods-OriginalApp-frameworks-${CONFIGURATION}-input-files.xcfilelist",
			);
			name = "[CP] Embed Pods Frameworks";
			outputFileListPaths = (
				"${PODS_ROOT}/Target Support Files/Pods-OriginalApp/Pods-OriginalApp-frameworks-${CONFIGURATION}-output-files.xcfilelist",
			);
			runOnlyForDeploymentPostprocessing = 0;
			shellPath = /bin/sh;
			shellScript = "\"${PODS_ROOT}/Target Support Files/Pods-OriginalApp/Pods-OriginalApp-frameworks.sh\"\n";
			showEnvVarsInLog = 0;
		};
/* End PBXShellScriptBuildPhase section */

/* Begin PBXSourcesBuildPhase section */
		F2636E41252C85AE009B85E6 /* Sources */ = {
			isa = PBXSourcesBuildPhase;
			buildActionMask = 2147483647;
			files = (
				F2181302257353E500A109EA /* ViewController.swift in Sources */,
				F21179902538588500A1953A /* PostViewController.swift in Sources */,
				F2C6E0FE254E84F7000B5018 /* CommunitiesViewController.swift in Sources */,
				F20ECC3D2545C96200B64E48 /* DetailViewController.swift in Sources */,
				F20ECC34254402E800B64E48 /* tagCollectionViewCell.swift in Sources */,
				F2D124CD255BB4CB007F26E7 /* AddTag_TableViewController.swift in Sources */,
				F2C6E0B0254C1D6C000B5018 /* CharactorsViewController.swift in Sources */,
				F211798C25366DCE00A1953A /* SigninViewController.swift in Sources */,
				F20ECC422547FC5C00B64E48 /* ShowTagCollectionViewCell.swift in Sources */,
				F2C6E0B3254C1D80000B5018 /* TagListTableViewCell.swift in Sources */,
				F20ECC3A2544326200B64E48 /* AddTagCollectionViewCell.swift in Sources */,
				F266E610256F63D200FB383F /* UIColorExtension.swift in Sources */,
				F24DA5E12576402B007BB6C9 /* sendPassWordViewController.swift in Sources */,
				F25335642563F01200ACD9E2 /* CalenderViewController.swift in Sources */,
				F21179962538745200A1953A /* Post.swift in Sources */,
				F2636E49252C85AE009B85E6 /* AppDelegate.swift in Sources */,
				F211799A253874CD00A1953A /* Comment.swift in Sources */,
				F218130625735EA700A109EA /* NavigtionViewController.swift in Sources */,
				F2265F6E255D5580005306EE /* SearchViewController.swift in Sources */,
				F21179982538748B00A1953A /* User.swift in Sources */,
				F28FFBC92563944D003207C5 /* UserpageViewController.swift in Sources */,
				F20ECC37254427A900B64E48 /* AddTagViewController.swift in Sources */,
				F2636E4B252C85AE009B85E6 /* SceneDelegate.swift in Sources */,
				F211799325386E2800A1953A /* TimeLineTableViewCell.swift in Sources */,
				F21BAE862570CE9400BE0B4E /* UIColorExtension(+alpha).swift in Sources */,
				F211798E25366DF400A1953A /* SignUpViewController.swift in Sources */,
				F2265F71255F89C9005306EE /* SearchViewTimeLineTableViewCell.swift in Sources */,
			);
			runOnlyForDeploymentPostprocessing = 0;
		};
/* End PBXSourcesBuildPhase section */

/* Begin PBXVariantGroup section */
		F2636E4E252C85AE009B85E6 /* Main.storyboard */ = {
			isa = PBXVariantGroup;
			children = (
				F2636E4F252C85AE009B85E6 /* Base */,
			);
			name = Main.storyboard;
			sourceTree = "<group>";
		};
		F2636E53252C85B1009B85E6 /* LaunchScreen.storyboard */ = {
			isa = PBXVariantGroup;
			children = (
				F2636E54252C85B1009B85E6 /* Base */,
			);
			name = LaunchScreen.storyboard;
			sourceTree = "<group>";
		};
/* End PBXVariantGroup section */

/* Begin XCBuildConfiguration section */
		F2636E57252C85B1009B85E6 /* Debug */ = {
			isa = XCBuildConfiguration;
			buildSettings = {
				ALWAYS_SEARCH_USER_PATHS = NO;
				CLANG_ANALYZER_NONNULL = YES;
				CLANG_ANALYZER_NUMBER_OBJECT_CONVERSION = YES_AGGRESSIVE;
				CLANG_CXX_LANGUAGE_STANDARD = "gnu++14";
				CLANG_CXX_LIBRARY = "libc++";
				CLANG_ENABLE_MODULES = YES;
				CLANG_ENABLE_OBJC_ARC = YES;
				CLANG_ENABLE_OBJC_WEAK = YES;
				CLANG_WARN_BLOCK_CAPTURE_AUTORELEASING = YES;
				CLANG_WARN_BOOL_CONVERSION = YES;
				CLANG_WARN_COMMA = YES;
				CLANG_WARN_CONSTANT_CONVERSION = YES;
				CLANG_WARN_DEPRECATED_OBJC_IMPLEMENTATIONS = YES;
				CLANG_WARN_DIRECT_OBJC_ISA_USAGE = YES_ERROR;
				CLANG_WARN_DOCUMENTATION_COMMENTS = YES;
				CLANG_WARN_EMPTY_BODY = YES;
				CLANG_WARN_ENUM_CONVERSION = YES;
				CLANG_WARN_INFINITE_RECURSION = YES;
				CLANG_WARN_INT_CONVERSION = YES;
				CLANG_WARN_NON_LITERAL_NULL_CONVERSION = YES;
				CLANG_WARN_OBJC_IMPLICIT_RETAIN_SELF = YES;
				CLANG_WARN_OBJC_LITERAL_CONVERSION = YES;
				CLANG_WARN_OBJC_ROOT_CLASS = YES_ERROR;
				CLANG_WARN_RANGE_LOOP_ANALYSIS = YES;
				CLANG_WARN_STRICT_PROTOTYPES = YES;
				CLANG_WARN_SUSPICIOUS_MOVE = YES;
				CLANG_WARN_UNGUARDED_AVAILABILITY = YES_AGGRESSIVE;
				CLANG_WARN_UNREACHABLE_CODE = YES;
				CLANG_WARN__DUPLICATE_METHOD_MATCH = YES;
				COPY_PHASE_STRIP = NO;
				DEBUG_INFORMATION_FORMAT = dwarf;
				ENABLE_STRICT_OBJC_MSGSEND = YES;
				ENABLE_TESTABILITY = YES;
				GCC_C_LANGUAGE_STANDARD = gnu11;
				GCC_DYNAMIC_NO_PIC = NO;
				GCC_NO_COMMON_BLOCKS = YES;
				GCC_OPTIMIZATION_LEVEL = 0;
				GCC_PREPROCESSOR_DEFINITIONS = (
					"DEBUG=1",
					"$(inherited)",
				);
				GCC_WARN_64_TO_32_BIT_CONVERSION = YES;
				GCC_WARN_ABOUT_RETURN_TYPE = YES_ERROR;
				GCC_WARN_UNDECLARED_SELECTOR = YES;
				GCC_WARN_UNINITIALIZED_AUTOS = YES_AGGRESSIVE;
				GCC_WARN_UNUSED_FUNCTION = YES;
				GCC_WARN_UNUSED_VARIABLE = YES;
				IPHONEOS_DEPLOYMENT_TARGET = 13.7;
				MTL_ENABLE_DEBUG_INFO = INCLUDE_SOURCE;
				MTL_FAST_MATH = YES;
				ONLY_ACTIVE_ARCH = YES;
				SDKROOT = iphoneos;
				SWIFT_ACTIVE_COMPILATION_CONDITIONS = DEBUG;
				SWIFT_OPTIMIZATION_LEVEL = "-Onone";
			};
			name = Debug;
		};
		F2636E58252C85B1009B85E6 /* Release */ = {
			isa = XCBuildConfiguration;
			buildSettings = {
				ALWAYS_SEARCH_USER_PATHS = NO;
				CLANG_ANALYZER_NONNULL = YES;
				CLANG_ANALYZER_NUMBER_OBJECT_CONVERSION = YES_AGGRESSIVE;
				CLANG_CXX_LANGUAGE_STANDARD = "gnu++14";
				CLANG_CXX_LIBRARY = "libc++";
				CLANG_ENABLE_MODULES = YES;
				CLANG_ENABLE_OBJC_ARC = YES;
				CLANG_ENABLE_OBJC_WEAK = YES;
				CLANG_WARN_BLOCK_CAPTURE_AUTORELEASING = YES;
				CLANG_WARN_BOOL_CONVERSION = YES;
				CLANG_WARN_COMMA = YES;
				CLANG_WARN_CONSTANT_CONVERSION = YES;
				CLANG_WARN_DEPRECATED_OBJC_IMPLEMENTATIONS = YES;
				CLANG_WARN_DIRECT_OBJC_ISA_USAGE = YES_ERROR;
				CLANG_WARN_DOCUMENTATION_COMMENTS = YES;
				CLANG_WARN_EMPTY_BODY = YES;
				CLANG_WARN_ENUM_CONVERSION = YES;
				CLANG_WARN_INFINITE_RECURSION = YES;
				CLANG_WARN_INT_CONVERSION = YES;
				CLANG_WARN_NON_LITERAL_NULL_CONVERSION = YES;
				CLANG_WARN_OBJC_IMPLICIT_RETAIN_SELF = YES;
				CLANG_WARN_OBJC_LITERAL_CONVERSION = YES;
				CLANG_WARN_OBJC_ROOT_CLASS = YES_ERROR;
				CLANG_WARN_RANGE_LOOP_ANALYSIS = YES;
				CLANG_WARN_STRICT_PROTOTYPES = YES;
				CLANG_WARN_SUSPICIOUS_MOVE = YES;
				CLANG_WARN_UNGUARDED_AVAILABILITY = YES_AGGRESSIVE;
				CLANG_WARN_UNREACHABLE_CODE = YES;
				CLANG_WARN__DUPLICATE_METHOD_MATCH = YES;
				COPY_PHASE_STRIP = NO;
				DEBUG_INFORMATION_FORMAT = "dwarf-with-dsym";
				ENABLE_NS_ASSERTIONS = NO;
				ENABLE_STRICT_OBJC_MSGSEND = YES;
				GCC_C_LANGUAGE_STANDARD = gnu11;
				GCC_NO_COMMON_BLOCKS = YES;
				GCC_WARN_64_TO_32_BIT_CONVERSION = YES;
				GCC_WARN_ABOUT_RETURN_TYPE = YES_ERROR;
				GCC_WARN_UNDECLARED_SELECTOR = YES;
				GCC_WARN_UNINITIALIZED_AUTOS = YES_AGGRESSIVE;
				GCC_WARN_UNUSED_FUNCTION = YES;
				GCC_WARN_UNUSED_VARIABLE = YES;
				IPHONEOS_DEPLOYMENT_TARGET = 13.7;
				MTL_ENABLE_DEBUG_INFO = NO;
				MTL_FAST_MATH = YES;
				SDKROOT = iphoneos;
				SWIFT_COMPILATION_MODE = wholemodule;
				SWIFT_OPTIMIZATION_LEVEL = "-O";
				VALIDATE_PRODUCT = YES;
			};
			name = Release;
		};
		F2636E5A252C85B1009B85E6 /* Debug */ = {
			isa = XCBuildConfiguration;
			baseConfigurationReference = F570C5CA7281E72376159213 /* Pods-OriginalApp.debug.xcconfig */;
			buildSettings = {
				ASSETCATALOG_COMPILER_APPICON_NAME = AppIcon;
				CODE_SIGN_STYLE = Automatic;
				DEVELOPMENT_TEAM = L6LQQ8G939;
				GCC_NO_COMMON_BLOCKS = NO;
				INFOPLIST_FILE = OriginalApp/Info.plist;
				IPHONEOS_DEPLOYMENT_TARGET = 13.1;
				LD_RUNPATH_SEARCH_PATHS = (
					"$(inherited)",
					"@executable_path/Frameworks",
				);
				PRODUCT_BUNDLE_IDENTIFIER = net.shojiokano.OriginalApp;
				PRODUCT_NAME = "$(TARGET_NAME)";
				SWIFT_VERSION = 5.0;
				TARGETED_DEVICE_FAMILY = 1;
			};
			name = Debug;
		};
		F2636E5B252C85B1009B85E6 /* Release */ = {
			isa = XCBuildConfiguration;
			baseConfigurationReference = 77B4B1A4E0C94C03730A975D /* Pods-OriginalApp.release.xcconfig */;
			buildSettings = {
				ASSETCATALOG_COMPILER_APPICON_NAME = AppIcon;
				CODE_SIGN_STYLE = Automatic;
				DEVELOPMENT_TEAM = L6LQQ8G939;
				GCC_NO_COMMON_BLOCKS = NO;
				INFOPLIST_FILE = OriginalApp/Info.plist;
				IPHONEOS_DEPLOYMENT_TARGET = 13.1;
				LD_RUNPATH_SEARCH_PATHS = (
					"$(inherited)",
					"@executable_path/Frameworks",
				);
				PRODUCT_BUNDLE_IDENTIFIER = net.shojiokano.OriginalApp;
				PRODUCT_NAME = "$(TARGET_NAME)";
				SWIFT_VERSION = 5.0;
				TARGETED_DEVICE_FAMILY = 1;
			};
			name = Release;
		};
/* End XCBuildConfiguration section */

/* Begin XCConfigurationList section */
		F2636E40252C85AE009B85E6 /* Build configuration list for PBXProject "OriginalApp" */ = {
			isa = XCConfigurationList;
			buildConfigurations = (
				F2636E57252C85B1009B85E6 /* Debug */,
				F2636E58252C85B1009B85E6 /* Release */,
			);
			defaultConfigurationIsVisible = 0;
			defaultConfigurationName = Release;
		};
		F2636E59252C85B1009B85E6 /* Build configuration list for PBXNativeTarget "OriginalApp" */ = {
			isa = XCConfigurationList;
			buildConfigurations = (
				F2636E5A252C85B1009B85E6 /* Debug */,
				F2636E5B252C85B1009B85E6 /* Release */,
			);
			defaultConfigurationIsVisible = 0;
			defaultConfigurationName = Release;
		};
/* End XCConfigurationList section */
	};
	rootObject = F2636E3D252C85AE009B85E6 /* Project object */;
}
